
Microsoft Visual Studio Solution File, Format Version 12.00
# Visual Studio Version 17
VisualStudioVersion = 17.1.32210.238
MinimumVisualStudioVersion = 10.0.40219.1
Project("{FAE04EC0-301F-11D3-BF4B-00C04F79EFBC}") = "Endorsin", "Endorsin.csproj", "{19987676-A92E-4502-90BD-23D6345FB032}"
EndProject
Global
	GlobalSection(SolutionConfigurationPlatforms) = preSolution
		Debug|Any CPU = Debug|Any CPU
		Release|Any CPU = Release|Any CPU
	EndGlobalSection
	GlobalSection(ProjectConfigurationPlatforms) = postSolution
		{19987676-A92E-4502-90BD-23D6345FB032}.Debug|Any CPU.ActiveCfg = Debug|Any CPU
		{19987676-A92E-4502-90BD-23D6345FB032}.Debug|Any CPU.Build.0 = Debug|Any CPU
		{19987676-A92E-4502-90BD-23D6345FB032}.Release|Any CPU.ActiveCfg = Release|Any CPU
		{19987676-A92E-4502-90BD-23D6345FB032}.Release|Any CPU.Build.0 = Release|Any CPU
	EndGlobalSection
	GlobalSection(SolutionProperties) = preSolution
		HideSolutionNode = FALSE
	EndGlobalSection
	GlobalSection(ExtensibilityGlobals) = postSolution
		SolutionGuid = {CBA58370-8DBF-4C00-A56B-630E606341D8}
	EndGlobalSection
EndGlobal
